
Microsoft Visual Studio Solution File, Format Version 12.00
# Visual Studio Version 16
VisualStudioVersion = 16.0.29613.14
MinimumVisualStudioVersion = 10.0.40219.1
Project("{FAE04EC0-301F-11D3-BF4B-00C04F79EFBC}") = "Nitrogen_Test.UWP", "Nitrogen_Test\Nitrogen_Test.UWP\Nitrogen_Test.UWP.csproj", "{B6201BB8-A8EC-4DF4-8F45-DE93008D5AA8}"
EndProject
Project("{FAE04EC0-301F-11D3-BF4B-00C04F79EFBC}") = "Nitrogen_Test.Android", "Nitrogen_Test\Nitrogen_Test.Android\Nitrogen_Test.Android.csproj", "{4D23C4B4-E16B-4A36-856A-167C60149141}"
EndProject
Project("{FAE04EC0-301F-11D3-BF4B-00C04F79EFBC}") = "Nitrogen_Test.iOS", "Nitrogen_Test\Nitrogen_Test.iOS\Nitrogen_Test.iOS.csproj", "{FBD0DFE6-7187-4E47-ABB8-4F6DBA29B15A}"
EndProject
Project("{FAE04EC0-301F-11D3-BF4B-00C04F79EFBC}") = "Nitrogen_Test", "Nitrogen_Test\Nitrogen_Test\Nitrogen_Test.csproj", "{AC078DD0-9030-4300-A03A-61CD91BCDA29}"
EndProject
Global
	GlobalSection(SolutionConfigurationPlatforms) = preSolution
		Debug|Any CPU = Debug|Any CPU
		Debug|ARM = Debug|ARM
		Debug|iPhone = Debug|iPhone
		Debug|iPhoneSimulator = Debug|iPhoneSimulator
		Debug|x64 = Debug|x64
		Debug|x86 = Debug|x86
		Release|Any CPU = Release|Any CPU
		Release|ARM = Release|ARM
		Release|iPhone = Release|iPhone
		Release|iPhoneSimulator = Release|iPhoneSimulator
		Release|x64 = Release|x64
		Release|x86 = Release|x86
	EndGlobalSection
	GlobalSection(ProjectConfigurationPlatforms) = postSolution
		{B6201BB8-A8EC-4DF4-8F45-DE93008D5AA8}.Debug|Any CPU.ActiveCfg = Debug|x86
		{B6201BB8-A8EC-4DF4-8F45-DE93008D5AA8}.Debug|Any CPU.Build.0 = Debug|x86
		{B6201BB8-A8EC-4DF4-8F45-DE93008D5AA8}.Debug|Any CPU.Deploy.0 = Debug|x86
		{B6201BB8-A8EC-4DF4-8F45-DE93008D5AA8}.Debug|ARM.ActiveCfg = Debug|ARM
		{B6201BB8-A8EC-4DF4-8F45-DE93008D5AA8}.Debug|ARM.Build.0 = Debug|ARM
		{B6201BB8-A8EC-4DF4-8F45-DE93008D5AA8}.Debug|ARM.Deploy.0 = Debug|ARM
		{B6201BB8-A8EC-4DF4-8F45-DE93008D5AA8}.Debug|iPhone.ActiveCfg = Debug|x86
		{B6201BB8-A8EC-4DF4-8F45-DE93008D5AA8}.Debug|iPhone.Build.0 = Debug|x86
		{B6201BB8-A8EC-4DF4-8F45-DE93008D5AA8}.Debug|iPhone.Deploy.0 = Debug|x86
		{B6201BB8-A8EC-4DF4-8F45-DE93008D5AA8}.Debug|iPhoneSimulator.ActiveCfg = Debug|x86
		{B6201BB8-A8EC-4DF4-8F45-DE93008D5AA8}.Debug|iPhoneSimulator.Build.0 = Debug|x86
		{B6201BB8-A8EC-4DF4-8F45-DE93008D5AA8}.Debug|iPhoneSimulator.Deploy.0 = Debug|x86
		{B6201BB8-A8EC-4DF4-8F45-DE93008D5AA8}.Debug|x64.ActiveCfg = Debug|x64
		{B6201BB8-A8EC-4DF4-8F45-DE93008D5AA8}.Debug|x64.Build.0 = Debug|x64
		{B6201BB8-A8EC-4DF4-8F45-DE93008D5AA8}.Debug|x64.Deploy.0 = Debug|x64
		{B6201BB8-A8EC-4DF4-8F45-DE93008D5AA8}.Debug|x86.ActiveCfg = Debug|x86
		{B6201BB8-A8EC-4DF4-8F45-DE93008D5AA8}.Debug|x86.Build.0 = Debug|x86
		{B6201BB8-A8EC-4DF4-8F45-DE93008D5AA8}.Debug|x86.Deploy.0 = Debug|x86
		{B6201BB8-A8EC-4DF4-8F45-DE93008D5AA8}.Release|Any CPU.ActiveCfg = Release|x86
		{B6201BB8-A8EC-4DF4-8F45-DE93008D5AA8}.Release|Any CPU.Build.0 = Release|x86
		{B6201BB8-A8EC-4DF4-8F45-DE93008D5AA8}.Release|Any CPU.Deploy.0 = Release|x86
		{B6201BB8-A8EC-4DF4-8F45-DE93008D5AA8}.Release|ARM.ActiveCfg = Release|ARM
		{B6201BB8-A8EC-4DF4-8F45-DE93008D5AA8}.Release|ARM.Build.0 = Release|ARM
		{B6201BB8-A8EC-4DF4-8F45-DE93008D5AA8}.Release|ARM.Deploy.0 = Release|ARM
		{B6201BB8-A8EC-4DF4-8F45-DE93008D5AA8}.Release|iPhone.ActiveCfg = Release|x86
		{B6201BB8-A8EC-4DF4-8F45-DE93008D5AA8}.Release|iPhone.Build.0 = Release|x86
		{B6201BB8-A8EC-4DF4-8F45-DE93008D5AA8}.Release|iPhone.Deploy.0 = Release|x86
		{B6201BB8-A8EC-4DF4-8F45-DE93008D5AA8}.Release|iPhoneSimulator.ActiveCfg = Release|x86
		{B6201BB8-A8EC-4DF4-8F45-DE93008D5AA8}.Release|iPhoneSimulator.Build.0 = Release|x86
		{B6201BB8-A8EC-4DF4-8F45-DE93008D5AA8}.Release|iPhoneSimulator.Deploy.0 = Release|x86
		{B6201BB8-A8EC-4DF4-8F45-DE93008D5AA8}.Release|x64.ActiveCfg = Release|x64
		{B6201BB8-A8EC-4DF4-8F45-DE93008D5AA8}.Release|x64.Build.0 = Release|x64
		{B6201BB8-A8EC-4DF4-8F45-DE93008D5AA8}.Release|x64.Deploy.0 = Release|x64
		{B6201BB8-A8EC-4DF4-8F45-DE93008D5AA8}.Release|x86.ActiveCfg = Release|x86
		{B6201BB8-A8EC-4DF4-8F45-DE93008D5AA8}.Release|x86.Build.0 = Release|x86
		{B6201BB8-A8EC-4DF4-8F45-DE93008D5AA8}.Release|x86.Deploy.0 = Release|x86
		{4D23C4B4-E16B-4A36-856A-167C60149141}.Debug|Any CPU.ActiveCfg = Debug|Any CPU
		{4D23C4B4-E16B-4A36-856A-167C60149141}.Debug|Any CPU.Build.0 = Debug|Any CPU
		{4D23C4B4-E16B-4A36-856A-167C60149141}.Debug|Any CPU.Deploy.0 = Debug|Any CPU
		{4D23C4B4-E16B-4A36-856A-167C60149141}.Debug|ARM.ActiveCfg = Debug|Any CPU
		{4D23C4B4-E16B-4A36-856A-167C60149141}.Debug|ARM.Build.0 = Debug|Any CPU
		{4D23C4B4-E16B-4A36-856A-167C60149141}.Debug|ARM.Deploy.0 = Debug|Any CPU
		{4D23C4B4-E16B-4A36-856A-167C60149141}.Debug|iPhone.ActiveCfg = Debug|Any CPU
		{4D23C4B4-E16B-4A36-856A-167C60149141}.Debug|iPhone.Build.0 = Debug|Any CPU
		{4D23C4B4-E16B-4A36-856A-167C60149141}.Debug|iPhone.Deploy.0 = Debug|Any CPU
		{4D23C4B4-E16B-4A36-856A-167C60149141}.Debug|iPhoneSimulator.ActiveCfg = Debug|Any CPU
		{4D23C4B4-E16B-4A36-856A-167C60149141}.Debug|iPhoneSimulator.Build.0 = Debug|Any CPU
		{4D23C4B4-E16B-4A36-856A-167C60149141}.Debug|iPhoneSimulator.Deploy.0 = Debug|Any CPU
		{4D23C4B4-E16B-4A36-856A-167C60149141}.Debug|x64.ActiveCfg = Debug|Any CPU
		{4D23C4B4-E16B-4A36-856A-167C60149141}.Debug|x64.Build.0 = Debug|Any CPU
		{4D23C4B4-E16B-4A36-856A-167C60149141}.Debug|x64.Deploy.0 = Debug|Any CPU
		{4D23C4B4-E16B-4A36-856A-167C60149141}.Debug|x86.ActiveCfg = Debug|Any CPU
		{4D23C4B4-E16B-4A36-856A-167C60149141}.Debug|x86.Build.0 = Debug|Any CPU
		{4D23C4B4-E16B-4A36-856A-167C60149141}.Debug|x86.Deploy.0 = Debug|Any CPU
		{4D23C4B4-E16B-4A36-856A-167C60149141}.Release|Any CPU.ActiveCfg = Release|Any CPU
		{4D23C4B4-E16B-4A36-856A-167C60149141}.Release|Any CPU.Build.0 = Release|Any CPU
		{4D23C4B4-E16B-4A36-856A-167C60149141}.Release|Any CPU.Deploy.0 = Release|Any CPU
		{4D23C4B4-E16B-4A36-856A-167C60149141}.Release|ARM.ActiveCfg = Release|Any CPU
		{4D23C4B4-E16B-4A36-856A-167C60149141}.Release|ARM.Build.0 = Release|Any CPU
		{4D23C4B4-E16B-4A36-856A-167C60149141}.Release|ARM.Deploy.0 = Release|Any CPU
		{4D23C4B4-E16B-4A36-856A-167C60149141}.Release|iPhone.ActiveCfg = Release|Any CPU
		{4D23C4B4-E16B-4A36-856A-167C60149141}.Release|iPhone.Build.0 = Release|Any CPU
		{4D23C4B4-E16B-4A36-856A-167C60149141}.Release|iPhone.Deploy.0 = Release|Any CPU
		{4D23C4B4-E16B-4A36-856A-167C60149141}.Release|iPhoneSimulator.ActiveCfg = Release|Any CPU
		{4D23C4B4-E16B-4A36-856A-167C60149141}.Release|iPhoneSimulator.Build.0 = Release|Any CPU
		{4D23C4B4-E16B-4A36-856A-167C60149141}.Release|iPhoneSimulator.Deploy.0 = Release|Any CPU
		{4D23C4B4-E16B-4A36-856A-167C60149141}.Release|x64.ActiveCfg = Release|Any CPU
		{4D23C4B4-E16B-4A36-856A-167C60149141}.Release|x64.Build.0 = Release|Any CPU
		{4D23C4B4-E16B-4A36-856A-167C60149141}.Release|x64.Deploy.0 = Release|Any CPU
		{4D23C4B4-E16B-4A36-856A-167C60149141}.Release|x86.ActiveCfg = Release|Any CPU
		{4D23C4B4-E16B-4A36-856A-167C60149141}.Release|x86.Build.0 = Release|Any CPU
		{4D23C4B4-E16B-4A36-856A-167C60149141}.Release|x86.Deploy.0 = Release|Any CPU
		{FBD0DFE6-7187-4E47-ABB8-4F6DBA29B15A}.Debug|Any CPU.ActiveCfg = Debug|iPhone
		{FBD0DFE6-7187-4E47-ABB8-4F6DBA29B15A}.Debug|Any CPU.Build.0 = Debug|iPhone
		{FBD0DFE6-7187-4E47-ABB8-4F6DBA29B15A}.Debug|Any CPU.Deploy.0 = Debug|iPhone
		{FBD0DFE6-7187-4E47-ABB8-4F6DBA29B15A}.Debug|ARM.ActiveCfg = Debug|iPhoneSimulator
		{FBD0DFE6-7187-4E47-ABB8-4F6DBA29B15A}.Debug|ARM.Build.0 = Debug|iPhoneSimulator
		{FBD0DFE6-7187-4E47-ABB8-4F6DBA29B15A}.Debug|ARM.Deploy.0 = Debug|iPhoneSimulator
		{FBD0DFE6-7187-4E47-ABB8-4F6DBA29B15A}.Debug|iPhone.ActiveCfg = Debug|iPhone
		{FBD0DFE6-7187-4E47-ABB8-4F6DBA29B15A}.Debug|iPhone.Build.0 = Debug|iPhone
		{FBD0DFE6-7187-4E47-ABB8-4F6DBA29B15A}.Debug|iPhone.Deploy.0 = Debug|iPhone
		{FBD0DFE6-7187-4E47-ABB8-4F6DBA29B15A}.Debug|iPhoneSimulator.ActiveCfg = Debug|iPhoneSimulator
		{FBD0DFE6-7187-4E47-ABB8-4F6DBA29B15A}.Debug|iPhoneSimulator.Build.0 = Debug|iPhoneSimulator
		{FBD0DFE6-7187-4E47-ABB8-4F6DBA29B15A}.Debug|iPhoneSimulator.Deploy.0 = Debug|iPhoneSimulator
		{FBD0DFE6-7187-4E47-ABB8-4F6DBA29B15A}.Debug|x64.ActiveCfg = Debug|iPhone
		{FBD0DFE6-7187-4E47-ABB8-4F6DBA29B15A}.Debug|x64.Build.0 = Debug|iPhone
		{FBD0DFE6-7187-4E47-ABB8-4F6DBA29B15A}.Debug|x64.Deploy.0 = Debug|iPhone
		{FBD0DFE6-7187-4E47-ABB8-4F6DBA29B15A}.Debug|x86.ActiveCfg = Debug|iPhone
		{FBD0DFE6-7187-4E47-ABB8-4F6DBA29B15A}.Debug|x86.Build.0 = Debug|iPhone
		{FBD0DFE6-7187-4E47-ABB8-4F6DBA29B15A}.Debug|x86.Deploy.0 = Debug|iPhone
		{FBD0DFE6-7187-4E47-ABB8-4F6DBA29B15A}.Release|Any CPU.ActiveCfg = Release|iPhone
		{FBD0DFE6-7187-4E47-ABB8-4F6DBA29B15A}.Release|Any CPU.Build.0 = Release|iPhone
		{FBD0DFE6-7187-4E47-ABB8-4F6DBA29B15A}.Release|Any CPU.Deploy.0 = Release|iPhone
		{FBD0DFE6-7187-4E47-ABB8-4F6DBA29B15A}.Release|ARM.ActiveCfg = Release|iPhone
		{FBD0DFE6-7187-4E47-ABB8-4F6DBA29B15A}.Release|ARM.Build.0 = Release|iPhone
		{FBD0DFE6-7187-4E47-ABB8-4F6DBA29B15A}.Release|ARM.Deploy.0 = Release|iPhone
		{FBD0DFE6-7187-4E47-ABB8-4F6DBA29B15A}.Release|iPhone.ActiveCfg = Release|iPhone
		{FBD0DFE6-7187-4E47-ABB8-4F6DBA29B15A}.Release|iPhone.Build.0 = Release|iPhone
		{FBD0DFE6-7187-4E47-ABB8-4F6DBA29B15A}.Release|iPhone.Deploy.0 = Release|iPhone
		{FBD0DFE6-7187-4E47-ABB8-4F6DBA29B15A}.Release|iPhoneSimulator.ActiveCfg = Release|iPhoneSimulator
		{FBD0DFE6-7187-4E47-ABB8-4F6DBA29B15A}.Release|iPhoneSimulator.Build.0 = Release|iPhoneSimulator
		{FBD0DFE6-7187-4E47-ABB8-4F6DBA29B15A}.Release|iPhoneSimulator.Deploy.0 = Release|iPhoneSimulator
		{FBD0DFE6-7187-4E47-ABB8-4F6DBA29B15A}.Release|x64.ActiveCfg = Release|iPhone
		{FBD0DFE6-7187-4E47-ABB8-4F6DBA29B15A}.Release|x64.Build.0 = Release|iPhone
		{FBD0DFE6-7187-4E47-ABB8-4F6DBA29B15A}.Release|x64.Deploy.0 = Release|iPhone
		{FBD0DFE6-7187-4E47-ABB8-4F6DBA29B15A}.Release|x86.ActiveCfg = Release|iPhone
		{FBD0DFE6-7187-4E47-ABB8-4F6DBA29B15A}.Release|x86.Build.0 = Release|iPhone
		{FBD0DFE6-7187-4E47-ABB8-4F6DBA29B15A}.Release|x86.Deploy.0 = Release|iPhone
		{AC078DD0-9030-4300-A03A-61CD91BCDA29}.Debug|Any CPU.ActiveCfg = Debug|Any CPU
		{AC078DD0-9030-4300-A03A-61CD91BCDA29}.Debug|Any CPU.Build.0 = Debug|Any CPU
		{AC078DD0-9030-4300-A03A-61CD91BCDA29}.Debug|Any CPU.Deploy.0 = Debug|Any CPU
		{AC078DD0-9030-4300-A03A-61CD91BCDA29}.Debug|ARM.ActiveCfg = Debug|Any CPU
		{AC078DD0-9030-4300-A03A-61CD91BCDA29}.Debug|ARM.Build.0 = Debug|Any CPU
		{AC078DD0-9030-4300-A03A-61CD91BCDA29}.Debug|ARM.Deploy.0 = Debug|Any CPU
		{AC078DD0-9030-4300-A03A-61CD91BCDA29}.Debug|iPhone.ActiveCfg = Debug|Any CPU
		{AC078DD0-9030-4300-A03A-61CD91BCDA29}.Debug|iPhone.Build.0 = Debug|Any CPU
		{AC078DD0-9030-4300-A03A-61CD91BCDA29}.Debug|iPhone.Deploy.0 = Debug|Any CPU
		{AC078DD0-9030-4300-A03A-61CD91BCDA29}.Debug|iPhoneSimulator.ActiveCfg = Debug|Any CPU
		{AC078DD0-9030-4300-A03A-61CD91BCDA29}.Debug|iPhoneSimulator.Build.0 = Debug|Any CPU
		{AC078DD0-9030-4300-A03A-61CD91BCDA29}.Debug|iPhoneSimulator.Deploy.0 = Debug|Any CPU
		{AC078DD0-9030-4300-A03A-61CD91BCDA29}.Debug|x64.ActiveCfg = Debug|Any CPU
		{AC078DD0-9030-4300-A03A-61CD91BCDA29}.Debug|x64.Build.0 = Debug|Any CPU
		{AC078DD0-9030-4300-A03A-61CD91BCDA29}.Debug|x64.Deploy.0 = Debug|Any CPU
		{AC078DD0-9030-4300-A03A-61CD91BCDA29}.Debug|x86.ActiveCfg = Debug|Any CPU
		{AC078DD0-9030-4300-A03A-61CD91BCDA29}.Debug|x86.Build.0 = Debug|Any CPU
		{AC078DD0-9030-4300-A03A-61CD91BCDA29}.Debug|x86.Deploy.0 = Debug|Any CPU
		{AC078DD0-9030-4300-A03A-61CD91BCDA29}.Release|Any CPU.ActiveCfg = Release|Any CPU
		{AC078DD0-9030-4300-A03A-61CD91BCDA29}.Release|Any CPU.Build.0 = Release|Any CPU
		{AC078DD0-9030-4300-A03A-61CD91BCDA29}.Release|Any CPU.Deploy.0 = Release|Any CPU
		{AC078DD0-9030-4300-A03A-61CD91BCDA29}.Release|ARM.ActiveCfg = Release|Any CPU
		{AC078DD0-9030-4300-A03A-61CD91BCDA29}.Release|ARM.Build.0 = Release|Any CPU
		{AC078DD0-9030-4300-A03A-61CD91BCDA29}.Release|ARM.Deploy.0 = Release|Any CPU
		{AC078DD0-9030-4300-A03A-61CD91BCDA29}.Release|iPhone.ActiveCfg = Release|Any CPU
		{AC078DD0-9030-4300-A03A-61CD91BCDA29}.Release|iPhone.Build.0 = Release|Any CPU
		{AC078DD0-9030-4300-A03A-61CD91BCDA29}.Release|iPhone.Deploy.0 = Release|Any CPU
		{AC078DD0-9030-4300-A03A-61CD91BCDA29}.Release|iPhoneSimulator.ActiveCfg = Release|Any CPU
		{AC078DD0-9030-4300-A03A-61CD91BCDA29}.Release|iPhoneSimulator.Build.0 = Release|Any CPU
		{AC078DD0-9030-4300-A03A-61CD91BCDA29}.Release|iPhoneSimulator.Deploy.0 = Release|Any CPU
		{AC078DD0-9030-4300-A03A-61CD91BCDA29}.Release|x64.ActiveCfg = Release|Any CPU
		{AC078DD0-9030-4300-A03A-61CD91BCDA29}.Release|x64.Build.0 = Release|Any CPU
		{AC078DD0-9030-4300-A03A-61CD91BCDA29}.Release|x64.Deploy.0 = Release|Any CPU
		{AC078DD0-9030-4300-A03A-61CD91BCDA29}.Release|x86.ActiveCfg = Release|Any CPU
		{AC078DD0-9030-4300-A03A-61CD91BCDA29}.Release|x86.Build.0 = Release|Any CPU
		{AC078DD0-9030-4300-A03A-61CD91BCDA29}.Release|x86.Deploy.0 = Release|Any CPU
	EndGlobalSection
	GlobalSection(SolutionProperties) = preSolution
		HideSolutionNode = FALSE
	EndGlobalSection
	GlobalSection(ExtensibilityGlobals) = postSolution
		SolutionGuid = {518EAD95-0A18-4808-A7BE-A1852A9C4866}
	EndGlobalSection
EndGlobal
